
Microsoft Visual Studio Solution File, Format Version 12.00
# Visual Studio Version 16
VisualStudioVersion = 16.0.32106.194
MinimumVisualStudioVersion = 10.0.40219.1
Project("{9A19103F-16F7-4668-BE54-9A1E7A4F7556}") = "DIFactoryPattern", "DIFactoryPattern\DIFactoryPattern.csproj", "{7424D37E-098E-4A36-BC92-482901C4157E}"
EndProject
Project("{9A19103F-16F7-4668-BE54-9A1E7A4F7556}") = "DIFactoryPattern.Test", "DIFactoryPattern.Test\DIFactoryPattern.Test.csproj", "{0AACA410-5200-41F4-AA0B-F7376B556DA9}"
EndProject
Global
	GlobalSection(SolutionConfigurationPlatforms) = preSolution
		Debug|Any CPU = Debug|Any CPU
		Release|Any CPU = Release|Any CPU
	EndGlobalSection
	GlobalSection(ProjectConfigurationPlatforms) = postSolution
		{7424D37E-098E-4A36-BC92-482901C4157E}.Debug|Any CPU.ActiveCfg = Debug|Any CPU
		{7424D37E-098E-4A36-BC92-482901C4157E}.Debug|Any CPU.Build.0 = Debug|Any CPU
		{7424D37E-098E-4A36-BC92-482901C4157E}.Release|Any CPU.ActiveCfg = Release|Any CPU
		{7424D37E-098E-4A36-BC92-482901C4157E}.Release|Any CPU.Build.0 = Release|Any CPU
		{0AACA410-5200-41F4-AA0B-F7376B556DA9}.Debug|Any CPU.ActiveCfg = Debug|Any CPU
		{0AACA410-5200-41F4-AA0B-F7376B556DA9}.Debug|Any CPU.Build.0 = Debug|Any CPU
		{0AACA410-5200-41F4-AA0B-F7376B556DA9}.Release|Any CPU.ActiveCfg = Release|Any CPU
		{0AACA410-5200-41F4-AA0B-F7376B556DA9}.Release|Any CPU.Build.0 = Release|Any CPU
	EndGlobalSection
	GlobalSection(SolutionProperties) = preSolution
		HideSolutionNode = FALSE
	EndGlobalSection
	GlobalSection(ExtensibilityGlobals) = postSolution
		SolutionGuid = {DB396FB6-65F9-4CAD-A867-BD17A242FA55}
	EndGlobalSection
EndGlobal
